
Microsoft Visual Studio Solution File, Format Version 12.00
# Visual Studio Version 17
VisualStudioVersion = 17.4.33205.214
MinimumVisualStudioVersion = 10.0.40219.1
Project("{8BC9CEB8-8B4A-11D0-8D11-00A0C91BC942}") = "chat-frontend", "chat-frontend\chat-frontend.vcxproj", "{BCDD073A-7301-433F-9AC7-4E5A1035CE5D}"
EndProject
Global
	GlobalSection(SolutionConfigurationPlatforms) = preSolution
		Debug|x64 = Debug|x64
		Debug|x86 = Debug|x86
		Release|x64 = Release|x64
		Release|x86 = Release|x86
	EndGlobalSection
	GlobalSection(ProjectConfigurationPlatforms) = postSolution
		{BCDD073A-7301-433F-9AC7-4E5A1035CE5D}.Debug|x64.ActiveCfg = Debug|x64
		{BCDD073A-7301-433F-9AC7-4E5A1035CE5D}.Debug|x64.Build.0 = Debug|x64
		{BCDD073A-7301-433F-9AC7-4E5A1035CE5D}.Debug|x86.ActiveCfg = Debug|Win32
		{BCDD073A-7301-433F-9AC7-4E5A1035CE5D}.Debug|x86.Build.0 = Debug|Win32
		{BCDD073A-7301-433F-9AC7-4E5A1035CE5D}.Release|x64.ActiveCfg = Release|x64
		{BCDD073A-7301-433F-9AC7-4E5A1035CE5D}.Release|x64.Build.0 = Release|x64
		{BCDD073A-7301-433F-9AC7-4E5A1035CE5D}.Release|x86.ActiveCfg = Release|Win32
		{BCDD073A-7301-433F-9AC7-4E5A1035CE5D}.Release|x86.Build.0 = Release|Win32
	EndGlobalSection
	GlobalSection(SolutionProperties) = preSolution
		HideSolutionNode = FALSE
	EndGlobalSection
	GlobalSection(ExtensibilityGlobals) = postSolution
		SolutionGuid = {AC5F22FC-DB57-48DD-A32F-8BA6EA8734CA}
	EndGlobalSection
EndGlobal
